{
  "name": "node-3d-qml-raub",
  "version": "0.1.7",
  "lockfileVersion": 1,
  "requires": true,
  "dependencies": {
    "nan": {
      "version": "2.6.2",
      "resolved": "https://registry.npmjs.org/nan/-/nan-2.6.2.tgz",
      "integrity": "sha1-5P805slf37WuzAjeZZb0NgWn20U="
    },
    "node-3d-ready-raub": {
      "version": "0.2.5",
      "resolved": "https://registry.npmjs.org/node-3d-ready-raub/-/node-3d-ready-raub-0.2.5.tgz",
      "integrity": "sha1-kBRzDw7rOafi+f56z54yg37PNhI=",
      "requires": {
        "node-threejs-raub": "0.87.2",
        "node-webgl-raub": "0.7.4"
      }
    },
    "node-deps-opengl-raub": {
      "version": "0.2.2",
      "resolved": "https://registry.npmjs.org/node-deps-opengl-raub/-/node-deps-opengl-raub-0.2.2.tgz",
      "integrity": "sha1-j/e10Wkkw0VpLmkJg/PMNit8Yjo="
    },
    "node-deps-qmlui-raub": {
      "version": "0.2.0",
      "resolved": "https://registry.npmjs.org/node-deps-qmlui-raub/-/node-deps-qmlui-raub-0.2.0.tgz",
      "integrity": "sha512-E7mNBmHqpo0WjprM3MACrx7GudRTfWPsFU6jBkH80SsiAhHB1wuDBLPCWNYs4XoQS+G77pXJrpcQY/3vrZeA5A==",
      "requires": {
        "node-deps-qt-qml-raub": "0.2.1"
      }
    },
    "node-deps-qt-core-raub": {
      "version": "0.2.1",
      "resolved": "https://registry.npmjs.org/node-deps-qt-core-raub/-/node-deps-qt-core-raub-0.2.1.tgz",
      "integrity": "sha1-6LfEcrhwblp79fRnMI7QmpVEpPk="
    },
    "node-deps-qt-gui-raub": {
      "version": "0.2.1",
      "resolved": "https://registry.npmjs.org/node-deps-qt-gui-raub/-/node-deps-qt-gui-raub-0.2.1.tgz",
      "integrity": "sha1-C9nh8kshH8y3fxMXjVB7pOyI+jI=",
      "requires": {
        "node-deps-qt-core-raub": "0.2.1"
      }
    },
    "node-deps-qt-qml-raub": {
      "version": "0.2.1",
      "resolved": "https://registry.npmjs.org/node-deps-qt-qml-raub/-/node-deps-qt-qml-raub-0.2.1.tgz",
      "integrity": "sha1-XmhBKvmxDadzxhRpd67hXf55bqw=",
      "requires": {
        "node-deps-qt-gui-raub": "0.2.1"
      }
    },
    "node-glfw-raub": {
      "version": "0.5.1",
      "resolved": "https://registry.npmjs.org/node-glfw-raub/-/node-glfw-raub-0.5.1.tgz",
      "integrity": "sha1-7+jL6vCbCXMPmH68ahhsBVGCy0s=",
      "requires": {
        "nan": "2.6.2",
        "node-deps-opengl-raub": "0.2.2"
      }
    },
    "node-qml-raub": {
      "version": "0.1.8",
      "resolved": "https://registry.npmjs.org/node-qml-raub/-/node-qml-raub-0.1.8.tgz",
      "integrity": "sha512-PZTgEz+ijHpCSc48dke3HEBfsMBH1JtHJ7Mtg29Zz1/PmBGZKil4h9kqQXoJtWLg0vFl0a305bFIicUbdMVuyA==",
      "requires": {
        "node-deps-qmlui-raub": "0.2.0",
        "node-glfw-raub": "0.5.1"
      }
    },
    "node-threejs-raub": {
      "version": "0.87.2",
      "resolved": "https://registry.npmjs.org/node-threejs-raub/-/node-threejs-raub-0.87.2.tgz",
      "integrity": "sha1-IWvrRFj7vizpfebupIeWh5yjuck="
    },
    "node-webgl-raub": {
      "version": "0.7.4",
      "resolved": "https://registry.npmjs.org/node-webgl-raub/-/node-webgl-raub-0.7.4.tgz",
      "integrity": "sha1-yEyeLlELZ893LSpklI+9HtIHGtw=",
      "requires": {
        "nan": "2.6.2",
        "node-glfw-raub": "0.5.1"
      }
    }
  }
}
