{
	"name": "example",
	"version": "0.0.0",
	"lockfileVersion": 3,
	"requires": true,
	"packages": {
		"": {
			"name": "example",
			"version": "0.0.0",
			"dependencies": {
				"@node-3d/plugin-qml": "file:.."
			},
			"engines": {
				"node": ">=24.13.0",
				"npm": ">=11.6.2"
			}
		},
		"..": {
			"name": "@node-3d/plugin-qml",
			"version": "5.0.0",
			"license": "MIT",
			"dependencies": {
				"@node-3d/qml": "^5.0.0"
			},
			"devDependencies": {
				"@node-3d/addon-tools": "^11.0.0",
				"@node-3d/core": "^6.0.0",
				"@rslib/core": "^0.21.3",
				"@types/node": "^24.1.0",
				"@types/three": "0.174.0",
				"@typescript/native-preview": "^7.0.0-dev.20260503.1",
				"oxlint": "^1.65.0",
				"pixelmatch": "^6.0.0",
				"three": "0.174.0",
				"typescript": "^6.0.3"
			},
			"engines": {
				"node": ">=24.13.0",
				"npm": ">=11.6.2"
			}
		},
		"node_modules/@node-3d/plugin-qml": {
			"resolved": "..",
			"link": true
		}
	}
}
